{
  "name": "@ua-opendata/react-phone-input",
  "version": "1.0.3",
  "lockfileVersion": 3,
  "requires": true,
  "packages": {
    "": {
      "name": "@ua-opendata/react-phone-input",
      "version": "1.0.3",
      "license": "MIT",
      "devDependencies": {
        "@rollup/plugin-node-resolve": "^15.3.0",
        "@rollup/plugin-typescript": "^12.1.1",
        "@types/react": "^19.0.0",
        "@types/react-dom": "^19.0.1",
        "@types/react-input-mask": "^2.0.5",
        "bootstrap": "^5.3.3",
        "dom-event-simulate": "^1.2.1",
        "react": "^19.0.0",
        "react-dom": "^19.0.0",
        "react-input-mask": "^2.0.4",
        "rollup": "^4.28.1",
        "rollup-plugin-esm-import-to-url": "^2.1.0",
        "tslib": "^2.0.0",
        "typescript": "^5.7.2"
      },
      "peerDependencies": {
        "@types/react-input-mask": "^2.0.5",
        "react": "^16.8.6 || 17.x || 18.x || 19.x",
        "react-input-mask": "^2.0.4"
      }
    },
    "node_modules/@popperjs/core": {
      "version": "2.11.8",
      "resolved": "https://registry.npmjs.org/@popperjs/core/-/core-2.11.8.tgz",
      "integrity": "sha512-P1st0aksCrn9sGZhp8GMYwBnQsbvAWsZAX44oXNNvLHGqAOcoVxmjZiohstwQ7SqKnbR47akdNi+uleWD8+g6A==",
      "dev": true,
      "license": "MIT",
      "peer": true,
      "funding": {
        "type": "opencollective",
        "url": "https://opencollective.com/popperjs"
      }
    },
    "node_modules/@rollup/plugin-node-resolve": {
      "version": "15.3.0",
      "resolved": "https://registry.npmjs.org/@rollup/plugin-node-resolve/-/plugin-node-resolve-15.3.0.tgz",
      "integrity": "sha512-9eO5McEICxMzJpDW9OnMYSv4Sta3hmt7VtBFz5zR9273suNOydOyq/FrGeGy+KsTRFm8w0SLVhzig2ILFT63Ag==",
      "dev": true,
      "license": "MIT",
      "dependencies": {
        "@rollup/pluginutils": "^5.0.1",
        "@types/resolve": "1.20.2",
        "deepmerge": "^4.2.2",
        "is-module": "^1.0.0",
        "resolve": "^1.22.1"
      },
      "engines": {
        "node": ">=14.0.0"
      },
      "peerDependencies": {
        "rollup": "^2.78.0||^3.0.0||^4.0.0"
      },
      "peerDependenciesMeta": {
        "rollup": {
          "optional": true
        }
      }
    },
    "node_modules/@rollup/plugin-typescript": {
      "version": "12.1.1",
      "resolved": "https://registry.npmjs.org/@rollup/plugin-typescript/-/plugin-typescript-12.1.1.tgz",
      "integrity": "sha512-t7O653DpfB5MbFrqPe/VcKFFkvRuFNp9qId3xq4Eth5xlyymzxNpye2z8Hrl0RIMuXTSr5GGcFpkdlMeacUiFQ==",
      "dev": true,
      "license": "MIT",
      "dependencies": {
        "@rollup/pluginutils": "^5.1.0",
        "resolve": "^1.22.1"
      },
      "engines": {
        "node": ">=14.0.0"
      },
      "peerDependencies": {
        "rollup": "^2.14.0||^3.0.0||^4.0.0",
        "tslib": "*",
        "typescript": ">=3.7.0"
      },
      "peerDependenciesMeta": {
        "rollup": {
          "optional": true
        },
        "tslib": {
          "optional": true
        }
      }
    },
    "node_modules/@rollup/pluginutils": {
      "version": "5.1.3",
      "resolved": "https://registry.npmjs.org/@rollup/pluginutils/-/pluginutils-5.1.3.tgz",
      "integrity": "sha512-Pnsb6f32CD2W3uCaLZIzDmeFyQ2b8UWMFI7xtwUezpcGBDVDW6y9XgAWIlARiGAo6eNF5FK5aQTr0LFyNyqq5A==",
      "dev": true,
      "license": "MIT",
      "dependencies": {
        "@types/estree": "^1.0.0",
        "estree-walker": "^2.0.2",
        "picomatch": "^4.0.2"
      },
      "engines": {
        "node": ">=14.0.0"
      },
      "peerDependencies": {
        "rollup": "^1.20.0||^2.0.0||^3.0.0||^4.0.0"
      },
      "peerDependenciesMeta": {
        "rollup": {
          "optional": true
        }
      }
    },
    "node_modules/@rollup/pluginutils/node_modules/picomatch": {
      "version": "4.0.2",
      "resolved": "https://registry.npmjs.org/picomatch/-/picomatch-4.0.2.tgz",
      "integrity": "sha512-M7BAV6Rlcy5u+m6oPhAPFgJTzAioX/6B0DxyvDlo9l8+T3nLKbrczg2WLUyzd45L8RqfUMyGPzekbMvX2Ldkwg==",
      "dev": true,
      "license": "MIT",
      "engines": {
        "node": ">=12"
      },
      "funding": {
        "url": "https://github.com/sponsors/jonschlinkert"
      }
    },
    "node_modules/@rollup/rollup-darwin-arm64": {
      "version": "4.28.1",
      "resolved": "https://registry.npmjs.org/@rollup/rollup-darwin-arm64/-/rollup-darwin-arm64-4.28.1.tgz",
      "integrity": "sha512-prduvrMKU6NzMq6nxzQw445zXgaDBbMQvmKSJaxpaZ5R1QDM8w+eGxo6Y/jhT/cLoCvnZI42oEqf9KQNYz1fqQ==",
      "cpu": [
        "arm64"
      ],
      "dev": true,
      "license": "MIT",
      "optional": true,
      "os": [
        "darwin"
      ]
    },
    "node_modules/@types/estree": {
      "version": "1.0.6",
      "resolved": "https://registry.npmjs.org/@types/estree/-/estree-1.0.6.tgz",
      "integrity": "sha512-AYnb1nQyY49te+VRAVgmzfcgjYS91mY5P0TKUDCLEM+gNnA+3T6rWITXRLYCpahpqSQbN5cE+gHpnPyXjHWxcw==",
      "dev": true,
      "license": "MIT"
    },
    "node_modules/@types/react": {
      "version": "19.0.0",
      "resolved": "https://registry.npmjs.org/@types/react/-/react-19.0.0.tgz",
      "integrity": "sha512-MY3oPudxvMYyesqs/kW1Bh8y9VqSmf+tzqw3ae8a9DZW68pUe3zAdHeI1jc6iAysuRdACnVknHP8AhwD4/dxtg==",
      "dev": true,
      "license": "MIT",
      "dependencies": {
        "csstype": "^3.0.2"
      }
    },
    "node_modules/@types/react-dom": {
      "version": "19.0.1",
      "resolved": "https://registry.npmjs.org/@types/react-dom/-/react-dom-19.0.1.tgz",
      "integrity": "sha512-hljHij7MpWPKF6u5vojuyfV0YA4YURsQG7KT6SzV0Zs2BXAtgdTxG6A229Ub/xiWV4w/7JL8fi6aAyjshH4meA==",
      "dev": true,
      "license": "MIT",
      "dependencies": {
        "@types/react": "*"
      }
    },
    "node_modules/@types/react-input-mask": {
      "version": "2.0.5",
      "resolved": "https://registry.npmjs.org/@types/react-input-mask/-/react-input-mask-2.0.5.tgz",
      "integrity": "sha512-4wPehO42dCk2sMrAGGT/xIfUG5GVdmzyGalweW5EvJARNXgtoxQ9HnkgSkXlVKR3oLVIHlT/vXk/DUXV+WSPyw==",
      "dev": true,
      "dependencies": {
        "@types/react": "*"
      }
    },
    "node_modules/@types/resolve": {
      "version": "1.20.2",
      "resolved": "https://registry.npmjs.org/@types/resolve/-/resolve-1.20.2.tgz",
      "integrity": "sha512-60BCwRFOZCQhDncwQdxxeOEEkbc5dIMccYLwbxsS4TUNeVECQ/pBJ0j09mrHOl/JJvpRPGwO9SvE4nR2Nb/a4Q==",
      "dev": true,
      "license": "MIT"
    },
    "node_modules/bootstrap": {
      "version": "5.3.3",
      "resolved": "https://registry.npmjs.org/bootstrap/-/bootstrap-5.3.3.tgz",
      "integrity": "sha512-8HLCdWgyoMguSO9o+aH+iuZ+aht+mzW0u3HIMzVu7Srrpv7EBBxTnrFlSCskwdY1+EOFQSm7uMJhNQHkdPcmjg==",
      "dev": true,
      "funding": [
        {
          "type": "github",
          "url": "https://github.com/sponsors/twbs"
        },
        {
          "type": "opencollective",
          "url": "https://opencollective.com/bootstrap"
        }
      ],
      "license": "MIT",
      "peerDependencies": {
        "@popperjs/core": "^2.11.8"
      }
    },
    "node_modules/csstype": {
      "version": "3.1.3",
      "resolved": "https://registry.npmjs.org/csstype/-/csstype-3.1.3.tgz",
      "integrity": "sha512-M1uQkMl8rQK/szD0LNhtqxIPLpimGm8sOBwU7lLnCpSbTyY3yeU1Vc7l4KT5zT4s/yOxHH5O7tIuuLOCnLADRw==",
      "dev": true,
      "license": "MIT"
    },
    "node_modules/deepmerge": {
      "version": "4.3.1",
      "resolved": "https://registry.npmjs.org/deepmerge/-/deepmerge-4.3.1.tgz",
      "integrity": "sha512-3sUqbMEc77XqpdNO7FRyRog+eW3ph+GYCbj+rK+uYyRMuwsVy0rMiVtPn+QJlKFvWP/1PYpapqYn0Me2knFn+A==",
      "dev": true,
      "license": "MIT",
      "engines": {
        "node": ">=0.10.0"
      }
    },
    "node_modules/dom-event-simulate": {
      "version": "1.2.1",
      "resolved": "https://registry.npmjs.org/dom-event-simulate/-/dom-event-simulate-1.2.1.tgz",
      "integrity": "sha512-I7QWoMSBzaWF7LXChOSGCvYUVoCwmwP3RsaGa4oGN4fi6zWeRU/7mRMGfslfnH2xFzMz2zlZdAVGuyzrmCka+A==",
      "dev": true
    },
    "node_modules/estree-walker": {
      "version": "2.0.2",
      "resolved": "https://registry.npmjs.org/estree-walker/-/estree-walker-2.0.2.tgz",
      "integrity": "sha512-Rfkk/Mp/DL7JVje3u18FxFujQlTNR2q6QfMSMB7AvCBx91NGj/ba3kCfza0f6dVDbw7YlRf/nDrn7pQrCCyQ/w==",
      "dev": true,
      "license": "MIT"
    },
    "node_modules/fsevents": {
      "version": "2.3.3",
      "resolved": "https://registry.npmjs.org/fsevents/-/fsevents-2.3.3.tgz",
      "integrity": "sha512-5xoDfX+fL7faATnagmWPpbFtwh/R77WmMMqqHGS65C3vvB0YHrgF+B1YmZ3441tMj5n63k0212XNoJwzlhffQw==",
      "dev": true,
      "hasInstallScript": true,
      "license": "MIT",
      "optional": true,
      "os": [
        "darwin"
      ],
      "engines": {
        "node": "^8.16.0 || ^10.6.0 || >=11.0.0"
      }
    },
    "node_modules/function-bind": {
      "version": "1.1.2",
      "resolved": "https://registry.npmjs.org/function-bind/-/function-bind-1.1.2.tgz",
      "integrity": "sha512-7XHNxH7qX9xG5mIwxkhumTox/MIRNcOgDrxWsMt2pAr23WHp6MrRlN7FBSFpCpr+oVO0F744iUgR82nJMfG2SA==",
      "dev": true,
      "license": "MIT",
      "funding": {
        "url": "https://github.com/sponsors/ljharb"
      }
    },
    "node_modules/hasown": {
      "version": "2.0.2",
      "resolved": "https://registry.npmjs.org/hasown/-/hasown-2.0.2.tgz",
      "integrity": "sha512-0hJU9SCPvmMzIBdZFqNPXWa6dqh7WdH0cII9y+CyS8rG3nL48Bclra9HmKhVVUHyPWNH5Y7xDwAB7bfgSjkUMQ==",
      "dev": true,
      "license": "MIT",
      "dependencies": {
        "function-bind": "^1.1.2"
      },
      "engines": {
        "node": ">= 0.4"
      }
    },
    "node_modules/invariant": {
      "version": "2.2.4",
      "resolved": "https://registry.npmjs.org/invariant/-/invariant-2.2.4.tgz",
      "integrity": "sha512-phJfQVBuaJM5raOpJjSfkiD6BpbCE4Ns//LaXl6wGYtUBY83nWS6Rf9tXm2e8VaK60JEjYldbPif/A2B1C2gNA==",
      "dev": true,
      "dependencies": {
        "loose-envify": "^1.0.0"
      }
    },
    "node_modules/is-core-module": {
      "version": "2.15.1",
      "resolved": "https://registry.npmjs.org/is-core-module/-/is-core-module-2.15.1.tgz",
      "integrity": "sha512-z0vtXSwucUJtANQWldhbtbt7BnL0vxiFjIdDLAatwhDYty2bad6s+rijD6Ri4YuYJubLzIJLUidCh09e1djEVQ==",
      "dev": true,
      "license": "MIT",
      "dependencies": {
        "hasown": "^2.0.2"
      },
      "engines": {
        "node": ">= 0.4"
      },
      "funding": {
        "url": "https://github.com/sponsors/ljharb"
      }
    },
    "node_modules/is-module": {
      "version": "1.0.0",
      "resolved": "https://registry.npmjs.org/is-module/-/is-module-1.0.0.tgz",
      "integrity": "sha512-51ypPSPCoTEIN9dy5Oy+h4pShgJmPCygKfyRCISBI+JoWT/2oJvK8QPxmwv7b/p239jXrm9M1mlQbyKJ5A152g==",
      "dev": true,
      "license": "MIT"
    },
    "node_modules/js-tokens": {
      "version": "4.0.0",
      "resolved": "https://registry.npmjs.org/js-tokens/-/js-tokens-4.0.0.tgz",
      "integrity": "sha512-RdJUflcE3cUzKiMqQgsCu06FPu9UdIJO0beYbPhHN4k6apgJtifcoCtT9bcxOpYBtpD2kCM6Sbzg4CausW/PKQ==",
      "dev": true
    },
    "node_modules/loose-envify": {
      "version": "1.4.0",
      "resolved": "https://registry.npmjs.org/loose-envify/-/loose-envify-1.4.0.tgz",
      "integrity": "sha512-lyuxPGr/Wfhrlem2CL/UcnUc1zcqKAImBDzukY7Y5F/yQiNdko6+fRLevlw1HgMySw7f611UIY408EtxRSoK3Q==",
      "dev": true,
      "dependencies": {
        "js-tokens": "^3.0.0 || ^4.0.0"
      },
      "bin": {
        "loose-envify": "cli.js"
      }
    },
    "node_modules/path-parse": {
      "version": "1.0.7",
      "resolved": "https://registry.npmjs.org/path-parse/-/path-parse-1.0.7.tgz",
      "integrity": "sha512-LDJzPVEEEPR+y48z93A0Ed0yXb8pAByGWo/k5YYdYgpY2/2EsOsksJrq7lOHxryrVOn1ejG6oAp8ahvOIQD8sw==",
      "dev": true,
      "license": "MIT"
    },
    "node_modules/react": {
      "version": "19.0.0",
      "resolved": "https://registry.npmjs.org/react/-/react-19.0.0.tgz",
      "integrity": "sha512-V8AVnmPIICiWpGfm6GLzCR/W5FXLchHop40W4nXBmdlEceh16rCN8O8LNWm5bh5XUX91fh7KpA+W0TgMKmgTpQ==",
      "dev": true,
      "license": "MIT",
      "engines": {
        "node": ">=0.10.0"
      }
    },
    "node_modules/react-dom": {
      "version": "19.0.0",
      "resolved": "https://registry.npmjs.org/react-dom/-/react-dom-19.0.0.tgz",
      "integrity": "sha512-4GV5sHFG0e/0AD4X+ySy6UJd3jVl1iNsNHdpad0qhABJ11twS3TTBnseqsKurKcsNqCEFeGL3uLpVChpIO3QfQ==",
      "dev": true,
      "license": "MIT",
      "dependencies": {
        "scheduler": "^0.25.0"
      },
      "peerDependencies": {
        "react": "^19.0.0"
      }
    },
    "node_modules/react-input-mask": {
      "version": "2.0.4",
      "resolved": "https://registry.npmjs.org/react-input-mask/-/react-input-mask-2.0.4.tgz",
      "integrity": "sha512-1hwzMr/aO9tXfiroiVCx5EtKohKwLk/NT8QlJXHQ4N+yJJFyUuMT+zfTpLBwX/lK3PkuMlievIffncpMZ3HGRQ==",
      "dev": true,
      "dependencies": {
        "invariant": "^2.2.4",
        "warning": "^4.0.2"
      },
      "peerDependencies": {
        "react": ">=0.14.0",
        "react-dom": ">=0.14.0"
      }
    },
    "node_modules/resolve": {
      "version": "1.22.8",
      "resolved": "https://registry.npmjs.org/resolve/-/resolve-1.22.8.tgz",
      "integrity": "sha512-oKWePCxqpd6FlLvGV1VU0x7bkPmmCNolxzjMf4NczoDnQcIWrAF+cPtZn5i6n+RfD2d9i0tzpKnG6Yk168yIyw==",
      "dev": true,
      "license": "MIT",
      "dependencies": {
        "is-core-module": "^2.13.0",
        "path-parse": "^1.0.7",
        "supports-preserve-symlinks-flag": "^1.0.0"
      },
      "bin": {
        "resolve": "bin/resolve"
      },
      "funding": {
        "url": "https://github.com/sponsors/ljharb"
      }
    },
    "node_modules/rollup": {
      "version": "4.28.1",
      "resolved": "https://registry.npmjs.org/rollup/-/rollup-4.28.1.tgz",
      "integrity": "sha512-61fXYl/qNVinKmGSTHAZ6Yy8I3YIJC/r2m9feHo6SwVAVcLT5MPwOUFe7EuURA/4m0NR8lXG4BBXuo/IZEsjMg==",
      "dev": true,
      "license": "MIT",
      "dependencies": {
        "@types/estree": "1.0.6"
      },
      "bin": {
        "rollup": "dist/bin/rollup"
      },
      "engines": {
        "node": ">=18.0.0",
        "npm": ">=8.0.0"
      },
      "optionalDependencies": {
        "@rollup/rollup-android-arm-eabi": "4.28.1",
        "@rollup/rollup-android-arm64": "4.28.1",
        "@rollup/rollup-darwin-arm64": "4.28.1",
        "@rollup/rollup-darwin-x64": "4.28.1",
        "@rollup/rollup-freebsd-arm64": "4.28.1",
        "@rollup/rollup-freebsd-x64": "4.28.1",
        "@rollup/rollup-linux-arm-gnueabihf": "4.28.1",
        "@rollup/rollup-linux-arm-musleabihf": "4.28.1",
        "@rollup/rollup-linux-arm64-gnu": "4.28.1",
        "@rollup/rollup-linux-arm64-musl": "4.28.1",
        "@rollup/rollup-linux-loongarch64-gnu": "4.28.1",
        "@rollup/rollup-linux-powerpc64le-gnu": "4.28.1",
        "@rollup/rollup-linux-riscv64-gnu": "4.28.1",
        "@rollup/rollup-linux-s390x-gnu": "4.28.1",
        "@rollup/rollup-linux-x64-gnu": "4.28.1",
        "@rollup/rollup-linux-x64-musl": "4.28.1",
        "@rollup/rollup-win32-arm64-msvc": "4.28.1",
        "@rollup/rollup-win32-ia32-msvc": "4.28.1",
        "@rollup/rollup-win32-x64-msvc": "4.28.1",
        "fsevents": "~2.3.2"
      }
    },
    "node_modules/rollup-plugin-esm-import-to-url": {
      "version": "2.1.0",
      "resolved": "https://registry.npmjs.org/rollup-plugin-esm-import-to-url/-/rollup-plugin-esm-import-to-url-2.1.0.tgz",
      "integrity": "sha512-/OSuqqZTrztz0NC9pcQcsEqEn5iQXYauFluh6CBSkRtNW4q6CTCxEsOAZFWTxizF2RKk9ZvaztlBBr/FuuWbwg==",
      "dev": true,
      "license": "MIT"
    },
    "node_modules/scheduler": {
      "version": "0.25.0",
      "resolved": "https://registry.npmjs.org/scheduler/-/scheduler-0.25.0.tgz",
      "integrity": "sha512-xFVuu11jh+xcO7JOAGJNOXld8/TcEHK/4CituBUeUb5hqxJLj9YuemAEuvm9gQ/+pgXYfbQuqAkiYu+u7YEsNA==",
      "dev": true,
      "license": "MIT"
    },
    "node_modules/supports-preserve-symlinks-flag": {
      "version": "1.0.0",
      "resolved": "https://registry.npmjs.org/supports-preserve-symlinks-flag/-/supports-preserve-symlinks-flag-1.0.0.tgz",
      "integrity": "sha512-ot0WnXS9fgdkgIcePe6RHNk1WA8+muPa6cSjeR3V8K27q9BB1rTE3R1p7Hv0z1ZyAc8s6Vvv8DIyWf681MAt0w==",
      "dev": true,
      "license": "MIT",
      "engines": {
        "node": ">= 0.4"
      },
      "funding": {
        "url": "https://github.com/sponsors/ljharb"
      }
    },
    "node_modules/tslib": {
      "version": "2.0.0",
      "resolved": "https://registry.npmjs.org/tslib/-/tslib-2.0.0.tgz",
      "integrity": "sha512-lTqkx847PI7xEDYJntxZH89L2/aXInsyF2luSafe/+0fHOMjlBNXdH6th7f70qxLDhul7KZK0zC8V5ZIyHl0/g==",
      "dev": true
    },
    "node_modules/typescript": {
      "version": "5.7.2",
      "resolved": "https://registry.npmjs.org/typescript/-/typescript-5.7.2.tgz",
      "integrity": "sha512-i5t66RHxDvVN40HfDd1PsEThGNnlMCMT3jMUuoh9/0TaqWevNontacunWyN02LA9/fIbEWlcHZcgTKb9QoaLfg==",
      "dev": true,
      "license": "Apache-2.0",
      "bin": {
        "tsc": "bin/tsc",
        "tsserver": "bin/tsserver"
      },
      "engines": {
        "node": ">=14.17"
      }
    },
    "node_modules/warning": {
      "version": "4.0.3",
      "resolved": "https://registry.npmjs.org/warning/-/warning-4.0.3.tgz",
      "integrity": "sha512-rpJyN222KWIvHJ/F53XSZv0Zl/accqHR8et1kpaMTD/fLCRxtV8iX8czMzY7sVZupTI3zcUTg8eycS2kNF9l6w==",
      "dev": true,
      "dependencies": {
        "loose-envify": "^1.0.0"
      }
    }
  }
}
